
Microsoft Visual Studio Solution File, Format Version 12.00
# Visual Studio 15
VisualStudioVersion = 15.0.28307.106
MinimumVisualStudioVersion = 10.0.40219.1
Project("{FAE04EC0-301F-11D3-BF4B-00C04F79EFBC}") = "LibraryApp", "LibraryApp\LibraryApp.csproj", "{8D5C7297-1FF4-4807-B347-DC41C83A78E8}"
EndProject
Global
	GlobalSection(SolutionConfigurationPlatforms) = preSolution
		Debug|Any CPU = Debug|Any CPU
		Release|Any CPU = Release|Any CPU
	EndGlobalSection
	GlobalSection(ProjectConfigurationPlatforms) = postSolution
		{8D5C7297-1FF4-4807-B347-DC41C83A78E8}.Debug|Any CPU.ActiveCfg = Debug|Any CPU
		{8D5C7297-1FF4-4807-B347-DC41C83A78E8}.Debug|Any CPU.Build.0 = Debug|Any CPU
		{8D5C7297-1FF4-4807-B347-DC41C83A78E8}.Release|Any CPU.ActiveCfg = Release|Any CPU
		{8D5C7297-1FF4-4807-B347-DC41C83A78E8}.Release|Any CPU.Build.0 = Release|Any CPU
	EndGlobalSection
	GlobalSection(SolutionProperties) = preSolution
		HideSolutionNode = FALSE
	EndGlobalSection
	GlobalSection(ExtensibilityGlobals) = postSolution
		SolutionGuid = {6C3B956A-1AA5-4CB4-9AA0-0790252DCAA2}
	EndGlobalSection
EndGlobal
